Microsoft Visual Studio Solution File, Format Version 12.00
# Visual Studio Version 17
VisualStudioVersion = 17.10.34928.147
MinimumVisualStudioVersion = 10.0.40219.1
Project("{FAE04EC0-301F-11D3-BF4B-00C04F79EFBC}") = "OperatorTraits.Client", "Client\OperatorTraits.Client.csproj", "{5A0DCC80-D5B1-4616-BB87-11E37C520A01}"
EndProject
Project("{FAE04EC0-301F-11D3-BF4B-00C04F79EFBC}") = "OperatorTraits.Server", "Server\OperatorTraits.Server.csproj", "{D2A5DB65-698F-4A74-922C-65890992F8E0}"
EndProject
Global
	GlobalSection(SolutionConfigurationPlatforms) = preSolution
		Debug|Any CPU = Debug|Any CPU
		Release|Any CPU = Release|Any CPU
	EndGlobalSection
	GlobalSection(ProjectConfigurationPlatforms) = postSolution
		{5A0DCC80-D5B1-4616-BB87-11E37C520A01}.Debug|Any CPU.ActiveCfg = Debug|Any CPU
		{5A0DCC80-D5B1-4616-BB87-11E37C520A01}.Debug|Any CPU.Build.0 = Debug|Any CPU
		{5A0DCC80-D5B1-4616-BB87-11E37C520A01}.Release|Any CPU.ActiveCfg = Release|Any CPU
		{5A0DCC80-D5B1-4616-BB87-11E37C520A01}.Release|Any CPU.Build.0 = Release|Any CPU
		{D2A5DB65-698F-4A74-922C-65890992F8E0}.Debug|Any CPU.ActiveCfg = Debug|Any CPU
		{D2A5DB65-698F-4A74-922C-65890992F8E0}.Debug|Any CPU.Build.0 = Debug|Any CPU
		{D2A5DB65-698F-4A74-922C-65890992F8E0}.Release|Any CPU.ActiveCfg = Release|Any CPU
		{D2A5DB65-698F-4A74-922C-65890992F8E0}.Release|Any CPU.Build.0 = Release|Any CPU
	EndGlobalSection
EndGlobal
